
Microsoft Visual Studio Solution File, Format Version 12.00
# Visual Studio Version 17
VisualStudioVersion = 17.0.31903.59
MinimumVisualStudioVersion = 10.0.40219.1
Project("{FAE04EC0-301F-11D3-BF4B-00C04F79EFBC}") = "AzDOEpicPauseChildren", "AzDOEpicPauseChildren.csproj", "{224D116E-D053-49E2-B5CD-177AD1C7CAAC}"
EndProject
Global
	GlobalSection(SolutionConfigurationPlatforms) = preSolution
		Debug|Any CPU = Debug|Any CPU
		Release|Any CPU = Release|Any CPU
	EndGlobalSection
	GlobalSection(ProjectConfigurationPlatforms) = postSolution
		{224D116E-D053-49E2-B5CD-177AD1C7CAAC}.Debug|Any CPU.ActiveCfg = Debug|Any CPU
		{224D116E-D053-49E2-B5CD-177AD1C7CAAC}.Debug|Any CPU.Build.0 = Debug|Any CPU
		{224D116E-D053-49E2-B5CD-177AD1C7CAAC}.Release|Any CPU.ActiveCfg = Release|Any CPU
		{224D116E-D053-49E2-B5CD-177AD1C7CAAC}.Release|Any CPU.Build.0 = Release|Any CPU
	EndGlobalSection
	GlobalSection(SolutionProperties) = preSolution
		HideSolutionNode = FALSE
	EndGlobalSection
	GlobalSection(ExtensibilityGlobals) = postSolution
		SolutionGuid = {63438068-BF34-447F-B5B9-000FE2771120}
	EndGlobalSection
EndGlobal
